// !$*UTF8*$!
{
	archiveVersion = 1;
	classes = {
	};
	objectVersion = 77;
	objects = {

/* Begin PBXBuildFile section */
		FAEAAC192E90226200FE826D /* .gitignore in Resources */ = {isa = PBXBuildFile; fileRef = FAEAAC182E90225900FE826D /* .gitignore */; };
/* End PBXBuildFile section */

/* Begin PBXContainerItemProxy section */
		FAEAABFB2E90217F00FE826D /* PBXContainerItemProxy */ = {
			isa = PBXContainerItemProxy;
			containerPortal = FAEAABD92E90217E00FE826D /* Project object */;
			proxyType = 1;
			remoteGlobalIDString = FAEAABE02E90217F00FE826D;
			remoteInfo = inTown;
		};
		FAEAAC052E90217F00FE826D /* PBXContainerItemProxy */ = {
			isa = PBXContainerItemProxy;
			containerPortal = FAEAABD92E90217E00FE826D /* Project object */;
			proxyType = 1;
			remoteGlobalIDString = FAEAABE02E90217F00FE826D;
			remoteInfo = inTown;
		};
/* End PBXContainerItemProxy section */

/* Begin PBXFileReference section */
		FAEAABE12E90217F00FE826D /* inTown.app */ = {isa = PBXFileReference; explicitFileType = wrapper.application; includeInIndex = 0; path = inTown.app; sourceTree = BUILT_PRODUCTS_DIR; };
		FAEAABFA2E90217F00FE826D /* inTownTests.xctest */ = {isa = PBXFileReference; explicitFileType = wrapper.cfbundle; includeInIndex = 0; path = inTownTests.xctest; sourceTree = BUILT_PRODUCTS_DIR; };
		FAEAAC042E90217F00FE826D /* inTownUITests.xctest */ = {isa = PBXFileReference; explicitFileType = wrapper.cfbundle; includeInIndex = 0; path = inTownUITests.xctest; sourceTree = BUILT_PRODUCTS_DIR; };
		FAEAAC182E90225900FE826D /* .gitignore */ = {isa = PBXFileReference; lastKnownFileType = text; path = .gitignore; sourceTree = "<group>"; };
/* End PBXFileReference section */

/* Begin PBXFileSystemSynchronizedBuildFileExceptionSet section */
		FAEAAC0C2E90217F00FE826D /* Exceptions for "inTown" folder in "inTown" target */ = {
			isa = PBXFileSystemSynchronizedBuildFileExceptionSet;
			membershipExceptions = (
				Info.plist,
			);
			target = FAEAABE02E90217F00FE826D /* inTown */;
		};
/* End PBXFileSystemSynchronizedBuildFileExceptionSet section */

/* Begin PBXFileSystemSynchronizedRootGroup section */
		FAEAABE32E90217F00FE826D /* inTown */ = {
			isa = PBXFileSystemSynchronizedRootGroup;
			exceptions = (
				FAEAAC0C2E90217F00FE826D /* Exceptions for "inTown" folder in "inTown" target */,
			);
			path = inTown;
			sourceTree = "<group>";
		};
		FAEAABFD2E90217F00FE826D /* inTownTests */ = {
			isa = PBXFileSystemSynchronizedRootGroup;
			path = inTownTests;
			sourceTree = "<group>";
		};
		FAEAAC072E90217F00FE826D /* inTownUITests */ = {
			isa = PBXFileSystemSynchronizedRootGroup;
			path = inTownUITests;
			sourceTree = "<group>";
		};
/* End PBXFileSystemSynchronizedRootGroup section */

/* Begin PBXFrameworksBuildPhase section */
		FAEAABDE2E90217F00FE826D /* Frameworks */ = {
			isa = PBXFrameworksBuildPhase;
			buildActionMask = 2147483647;
			files = (
			);
			runOnlyForDeploymentPostprocessing = 0;
		};
		FAEAABF72E90217F00FE826D /* Frameworks */ = {
			isa = PBXFrameworksBuildPhase;
			buildActionMask = 2147483647;
			files = (
			);
			runOnlyForDeploymentPostprocessing = 0;
		};
		FAEAAC012E90217F00FE826D /* Frameworks */ = {
			isa = PBXFrameworksBuildPhase;
			buildActionMask = 2147483647;
			files = (
			);
			runOnlyForDeploymentPostprocessing = 0;
		};
/* End PBXFrameworksBuildPhase section */

/* Begin PBXGroup section */
		FAEAABD82E90217E00FE826D = {
			isa = PBXGroup;
			children = (
				FAEAAC182E90225900FE826D /* .gitignore */,
				FAEAABE32E90217F00FE826D /* inTown */,
				FAEAABFD2E90217F00FE826D /* inTownTests */,
				FAEAAC072E90217F00FE826D /* inTownUITests */,
				FAEAABE22E90217F00FE826D /* Products */,
			);
			sourceTree = "<group>";
		};
		FAEAABE22E90217F00FE826D /* Products */ = {
			isa = PBXGroup;
			children = (
				FAEAABE12E90217F00FE826D /* inTown.app */,
				FAEAABFA2E90217F00FE826D /* inTownTests.xctest */,
				FAEAAC042E90217F00FE826D /* inTownUITests.xctest */,
			);
			name = Products;
			sourceTree = "<group>";
		};
/* End PBXGroup section */

/* Begin PBXNativeTarget section */
		FAEAABE02E90217F00FE826D /* inTown */ = {
			isa = PBXNativeTarget;
			buildConfigurationList = FAEAAC0D2E90217F00FE826D /* Build configuration list for PBXNativeTarget "inTown" */;
			buildPhases = (
				FAEAABDD2E90217F00FE826D /* Sources */,
				FAEAABDE2E90217F00FE826D /* Frameworks */,
				FAEAABDF2E90217F00FE826D /* Resources */,
			);
			buildRules = (
			);
			dependencies = (
			);
			fileSystemSynchronizedGroups = (
				FAEAABE32E90217F00FE826D /* inTown */,
			);
			name = inTown;
			packageProductDependencies = (
			);
			productName = inTown;
			productReference = FAEAABE12E90217F00FE826D /* inTown.app */;
			productType = "com.apple.product-type.application";
		};
		FAEAABF92E90217F00FE826D /* inTownTests */ = {
			isa = PBXNativeTarget;
			buildConfigurationList = FAEAAC122E90217F00FE826D /* Build configuration list for PBXNativeTarget "inTownTests" */;
			buildPhases = (
				FAEAABF62E90217F00FE826D /* Sources */,
				FAEAABF72E90217F00FE826D /* Frameworks */,
				FAEAABF82E90217F00FE826D /* Resources */,
			);
			buildRules = (
			);
			dependencies = (
				FAEAABFC2E90217F00FE826D /* PBXTargetDependency */,
			);
			fileSystemSynchronizedGroups = (
				FAEAABFD2E90217F00FE826D /* inTownTests */,
			);
			name = inTownTests;
			packageProductDependencies = (
			);
			productName = inTownTests;
			productReference = FAEAABFA2E90217F00FE826D /* inTownTests.xctest */;
			productType = "com.apple.product-type.bundle.unit-test";
		};
		FAEAAC032E90217F00FE826D /* inTownUITests */ = {
			isa = PBXNativeTarget;
			buildConfigurationList = FAEAAC152E90217F00FE826D /* Build configuration list for PBXNativeTarget "inTownUITests" */;
			buildPhases = (
				FAEAAC002E90217F00FE826D /* Sources */,
				FAEAAC012E90217F00FE826D /* Frameworks */,
				FAEAAC022E90217F00FE826D /* Resources */,
			);
			buildRules = (
			);
			dependencies = (
				FAEAAC062E90217F00FE826D /* PBXTargetDependency */,
			);
			fileSystemSynchronizedGroups = (
				FAEAAC072E90217F00FE826D /* inTownUITests */,
			);
			name = inTownUITests;
			packageProductDependencies = (
			);
			productName = inTownUITests;
			productReference = FAEAAC042E90217F00FE826D /* inTownUITests.xctest */;
			productType = "com.apple.product-type.bundle.ui-testing";
		};
/* End PBXNativeTarget section */

/* Begin PBXProject section */
		FAEAABD92E90217E00FE826D /* Project object */ = {
			isa = PBXProject;
			attributes = {
				BuildIndependentTargetsInParallel = 1;
				LastSwiftUpdateCheck = 1630;
				LastUpgradeCheck = 1630;
				TargetAttributes = {
					FAEAABE02E90217F00FE826D = {
						CreatedOnToolsVersion = 16.3;
					};
					FAEAABF92E90217F00FE826D = {
						CreatedOnToolsVersion = 16.3;
						TestTargetID = FAEAABE02E90217F00FE826D;
					};
					FAEAAC032E90217F00FE826D = {
						CreatedOnToolsVersion = 16.3;
						TestTargetID = FAEAABE02E90217F00FE826D;
					};
				};
			};
			buildConfigurationList = FAEAABDC2E90217F00FE826D /* Build configuration list for PBXProject "inTown" */;
			developmentRegion = en;
			hasScannedForEncodings = 0;
			knownRegions = (
				en,
				Base,
			);
			mainGroup = FAEAABD82E90217E00FE826D;
			minimizedProjectReferenceProxies = 1;
			preferredProjectObjectVersion = 77;
			productRefGroup = FAEAABE22E90217F00FE826D /* Products */;
			projectDirPath = "";
			projectRoot = "";
			targets = (
				FAEAABE02E90217F00FE826D /* inTown */,
				FAEAABF92E90217F00FE826D /* inTownTests */,
				FAEAAC032E90217F00FE826D /* inTownUITests */,
			);
		};
/* End PBXProject section */

/* Begin PBXResourcesBuildPhase section */
		FAEAABDF2E90217F00FE826D /* Resources */ = {
			isa = PBXResourcesBuildPhase;
			buildActionMask = 2147483647;
			files = (
				FAEAAC192E90226200FE826D /* .gitignore in Resources */,
			);
			runOnlyForDeploymentPostprocessing = 0;
		};
		FAEAABF82E90217F00FE826D /* Resources */ = {
			isa = PBXResourcesBuildPhase;
			buildActionMask = 2147483647;
			files = (
			);
			runOnlyForDeploymentPostprocessing = 0;
		};
		FAEAAC022E90217F00FE826D /* Resources */ = {
			isa = PBXResourcesBuildPhase;
			buildActionMask = 2147483647;
			files = (
			);
			runOnlyForDeploymentPostprocessing = 0;
		};
/* End PBXResourcesBuildPhase section */

/* Begin PBXSourcesBuildPhase section */
		FAEAABDD2E90217F00FE826D /* Sources */ = {
			isa = PBXSourcesBuildPhase;
			buildActionMask = 2147483647;
			files = (
			);
			runOnlyForDeploymentPostprocessing = 0;
		};
		FAEAABF62E90217F00FE826D /* Sources */ = {
			isa = PBXSourcesBuildPhase;
			buildActionMask = 2147483647;
			files = (
			);
			runOnlyForDeploymentPostprocessing = 0;
		};
		FAEAAC002E90217F00FE826D /* Sources */ = {
			isa = PBXSourcesBuildPhase;
			buildActionMask = 2147483647;
			files = (
			);
			runOnlyForDeploymentPostprocessing = 0;
		};
/* End PBXSourcesBuildPhase section */

/* Begin PBXTargetDependency section */
		FAEAABFC2E90217F00FE826D /* PBXTargetDependency */ = {
			isa = PBXTargetDependency;
			target = FAEAABE02E90217F00FE826D /* inTown */;
			targetProxy = FAEAABFB2E90217F00FE826D /* PBXContainerItemProxy */;
		};
		FAEAAC062E90217F00FE826D /* PBXTargetDependency */ = {
			isa = PBXTargetDependency;
			target = FAEAABE02E90217F00FE826D /* inTown */;
			targetProxy = FAEAAC052E90217F00FE826D /* PBXContainerItemProxy */;
		};
/* End PBXTargetDependency section */

/* Begin XCBuildConfiguration section */
		FAEAAC0E2E90217F00FE826D /* Debug */ = {
			isa = XCBuildConfiguration;
			buildSettings = {
				ASSETCATALOG_COMPILER_APPICON_NAME = AppIcon;
				ASSETCATALOG_COMPILER_GLOBAL_ACCENT_COLOR_NAME = AccentColor;
				CODE_SIGN_STYLE = Automatic;
				CURRENT_PROJECT_VERSION = 1;
				DEVELOPMENT_TEAM = 7H7N843F47;
				GENERATE_INFOPLIST_FILE = YES;
				INFOPLIST_FILE = inTown/Info.plist;
				INFOPLIST_KEY_UIApplicationSupportsIndirectInputEvents = YES;
				INFOPLIST_KEY_UILaunchStoryboardName = LaunchScreen;
				INFOPLIST_KEY_UIMainStoryboardFile = Main;
				INFOPLIST_KEY_UISupportedInterfaceOrientations_iPad = "UIInterfaceOrientationPortrait UIInterfaceOrientationPortraitUpsideDown UIInterfaceOrientationLandscapeLeft UIInterfaceOrientationLandscapeRight";
				INFOPLIST_KEY_UISupportedInterfaceOrientations_iPhone = "UIInterfaceOrientationPortrait UIInterfaceOrientationLandscapeLeft UIInterfaceOrientationLandscapeRight";
				LD_RUNPATH_SEARCH_PATHS = (
					"$(inherited)",
					"@executable_path/Frameworks",
				);
				MARKETING_VERSION = 1.0;
				PRODUCT_BUNDLE_IDENTIFIER = yu.inTown;
				PRODUCT_NAME = "$(TARGET_NAME)";
				SWIFT_EMIT_LOC_STRINGS = YES;
				SWIFT_VERSION = 5.0;
				TARGETED_DEVICE_FAMILY = "1,2";
			};
			name = Debug;
		};
		FAEAAC0F2E90217F00FE826D /* Release */ = {
			isa = XCBuildConfiguration;
			buildSettings = {
				ASSETCATALOG_COMPILER_APPICON_NAME = AppIcon;
				ASSETCATALOG_COMPILER_GLOBAL_ACCENT_COLOR_NAME = AccentColor;
				CODE_SIGN_STYLE = Automatic;
				CURRENT_PROJECT_VERSION = 1;
				DEVELOPMENT_TEAM = 7H7N843F47;
				GENERATE_INFOPLIST_FILE = YES;
				INFOPLIST_FILE = inTown/Info.plist;
				INFOPLIST_KEY_UIApplicationSupportsIndirectInputEvents = YES;
				INFOPLIST_KEY_UILaunchStoryboardName = LaunchScreen;
				INFOPLIST_KEY_UIMainStoryboardFile = Main;
				INFOPLIST_KEY_UISupportedInterfaceOrientations_iPad = "UIInterfaceOrientationPortrait UIInterfaceOrientationPortraitUpsideDown UIInterfaceOrientationLandscapeLeft UIInterfaceOrientationLandscapeRight";
				INFOPLIST_KEY_UISupportedInterfaceOrientations_iPhone = "UIInterfaceOrientationPortrait UIInterfaceOrientationLandscapeLeft UIInterfaceOrientationLandscapeRight";
				LD_RUNPATH_SEARCH_PATHS = (
					"$(inherited)",
					"@executable_path/Frameworks",
				);
				MARKETING_VERSION = 1.0;
				PRODUCT_BUNDLE_IDENTIFIER = yu.inTown;
				PRODUCT_NAME = "$(TARGET_NAME)";
				SWIFT_EMIT_LOC_STRINGS = YES;
				SWIFT_VERSION = 5.0;
				TARGETED_DEVICE_FAMILY = "1,2";
			};
			name = Release;
		};
		FAEAAC102E90217F00FE826D /* Debug */ = {
			isa = XCBuildConfiguration;
			buildSettings = {
				ALWAYS_SEARCH_USER_PATHS = NO;
				ASSETCATALOG_COMPILER_GENERATE_SWIFT_ASSET_SYMBOL_EXTENSIONS = YES;
				CLANG_ANALYZER_NONNULL = YES;
				CLANG_ANALYZER_NUMBER_OBJECT_CONVERSION = YES_AGGRESSIVE;
				CLANG_CXX_LANGUAGE_STANDARD = "gnu++20";
				CLANG_ENABLE_MODULES = YES;
				CLANG_ENABLE_OBJC_ARC = YES;
				CLANG_ENABLE_OBJC_WEAK = YES;
				CLANG_WARN_BLOCK_CAPTURE_AUTORELEASING = YES;
				CLANG_WARN_BOOL_CONVERSION = YES;
				CLANG_WARN_COMMA = YES;
				CLANG_WARN_CONSTANT_CONVERSION = YES;
				CLANG_WARN_DEPRECATED_OBJC_IMPLEMENTATIONS = YES;
				CLANG_WARN_DIRECT_OBJC_ISA_USAGE = YES_ERROR;
				CLANG_WARN_DOCUMENTATION_COMMENTS = YES;
				CLANG_WARN_EMPTY_BODY = YES;
				CLANG_WARN_ENUM_CONVERSION = YES;
				CLANG_WARN_INFINITE_RECURSION = YES;
				CLANG_WARN_INT_CONVERSION = YES;
				CLANG_WARN_NON_LITERAL_NULL_CONVERSION = YES;
				CLANG_WARN_OBJC_IMPLICIT_RETAIN_SELF = YES;
				CLANG_WARN_OBJC_LITERAL_CONVERSION = YES;
				CLANG_WARN_OBJC_ROOT_CLASS = YES_ERROR;
				CLANG_WARN_QUOTED_INCLUDE_IN_FRAMEWORK_HEADER = YES;
				CLANG_WARN_RANGE_LOOP_ANALYSIS = YES;
				CLANG_WARN_STRICT_PROTOTYPES = YES;
				CLANG_WARN_SUSPICIOUS_MOVE = YES;
				CLANG_WARN_UNGUARDED_AVAILABILITY = YES_AGGRESSIVE;
				CLANG_WARN_UNREACHABLE_CODE = YES;
				CLANG_WARN__DUPLICATE_METHOD_MATCH = YES;
				COPY_PHASE_STRIP = NO;
				DEBUG_INFORMATION_FORMAT = dwarf;
				DEVELOPMENT_TEAM = 7H7N843F47;
				ENABLE_STRICT_OBJC_MSGSEND = YES;
				ENABLE_TESTABILITY = YES;
				ENABLE_USER_SCRIPT_SANDBOXING = YES;
				GCC_C_LANGUAGE_STANDARD = gnu17;
				GCC_DYNAMIC_NO_PIC = NO;
				GCC_NO_COMMON_BLOCKS = YES;
				GCC_OPTIMIZATION_LEVEL = 0;
				GCC_PREPROCESSOR_DEFINITIONS = (
					"DEBUG=1",
					"$(inherited)",
				);
				GCC_WARN_64_TO_32_BIT_CONVERSION = YES;
				GCC_WARN_ABOUT_RETURN_TYPE = YES_ERROR;
				GCC_WARN_UNDECLARED_SELECTOR = YES;
				GCC_WARN_UNINITIALIZED_AUTOS = YES_AGGRESSIVE;
				GCC_WARN_UNUSED_FUNCTION = YES;
				GCC_WARN_UNUSED_VARIABLE = YES;
				IPHONEOS_DEPLOYMENT_TARGET = 18.4;
				LOCALIZATION_PREFERS_STRING_CATALOGS = YES;
				MTL_ENABLE_DEBUG_INFO = INCLUDE_SOURCE;
				MTL_FAST_MATH = YES;
				ONLY_ACTIVE_ARCH = YES;
				SDKROOT = iphoneos;
				SWIFT_ACTIVE_COMPILATION_CONDITIONS = "DEBUG $(inherited)";
				SWIFT_OPTIMIZATION_LEVEL = "-Onone";
			};
			name = Debug;
		};
		FAEAAC112E90217F00FE826D /* Release */ = {
			isa = XCBuildConfiguration;
			buildSettings = {
				ALWAYS_SEARCH_USER_PATHS = NO;
				ASSETCATALOG_COMPILER_GENERATE_SWIFT_ASSET_SYMBOL_EXTENSIONS = YES;
				CLANG_ANALYZER_NONNULL = YES;
				CLANG_ANALYZER_NUMBER_OBJECT_CONVERSION = YES_AGGRESSIVE;
				CLANG_CXX_LANGUAGE_STANDARD = "gnu++20";
				CLANG_ENABLE_MODULES = YES;
				CLANG_ENABLE_OBJC_ARC = YES;
				CLANG_ENABLE_OBJC_WEAK = YES;
				CLANG_WARN_BLOCK_CAPTURE_AUTORELEASING = YES;
				CLANG_WARN_BOOL_CONVERSION = YES;
				CLANG_WARN_COMMA = YES;
				CLANG_WARN_CONSTANT_CONVERSION = YES;
				CLANG_WARN_DEPRECATED_OBJC_IMPLEMENTATIONS = YES;
				CLANG_WARN_DIRECT_OBJC_ISA_USAGE = YES_ERROR;
				CLANG_WARN_DOCUMENTATION_COMMENTS = YES;
				CLANG_WARN_EMPTY_BODY = YES;
				CLANG_WARN_ENUM_CONVERSION = YES;
				CLANG_WARN_INFINITE_RECURSION = YES;
				CLANG_WARN_INT_CONVERSION = YES;
				CLANG_WARN_NON_LITERAL_NULL_CONVERSION = YES;
				CLANG_WARN_OBJC_IMPLICIT_RETAIN_SELF = YES;
				CLANG_WARN_OBJC_LITERAL_CONVERSION = YES;
				CLANG_WARN_OBJC_ROOT_CLASS = YES_ERROR;
				CLANG_WARN_QUOTED_INCLUDE_IN_FRAMEWORK_HEADER = YES;
				CLANG_WARN_RANGE_LOOP_ANALYSIS = YES;
				CLANG_WARN_STRICT_PROTOTYPES = YES;
				CLANG_WARN_SUSPICIOUS_MOVE = YES;
				CLANG_WARN_UNGUARDED_AVAILABILITY = YES_AGGRESSIVE;
				CLANG_WARN_UNREACHABLE_CODE = YES;
				CLANG_WARN__DUPLICATE_METHOD_MATCH = YES;
				COPY_PHASE_STRIP = NO;
				DEBUG_INFORMATION_FORMAT = "dwarf-with-dsym";
				DEVELOPMENT_TEAM = 7H7N843F47;
				ENABLE_NS_ASSERTIONS = NO;
				ENABLE_STRICT_OBJC_MSGSEND = YES;
				ENABLE_USER_SCRIPT_SANDBOXING = YES;
				GCC_C_LANGUAGE_STANDARD = gnu17;
				GCC_NO_COMMON_BLOCKS = YES;
				GCC_WARN_64_TO_32_BIT_CONVERSION = YES;
				GCC_WARN_ABOUT_RETURN_TYPE = YES_ERROR;
				GCC_WARN_UNDECLARED_SELECTOR = YES;
				GCC_WARN_UNINITIALIZED_AUTOS = YES_AGGRESSIVE;
				GCC_WARN_UNUSED_FUNCTION = YES;
				GCC_WARN_UNUSED_VARIABLE = YES;
				IPHONEOS_DEPLOYMENT_TARGET = 18.4;
				LOCALIZATION_PREFERS_STRING_CATALOGS = YES;
				MTL_ENABLE_DEBUG_INFO = NO;
				MTL_FAST_MATH = YES;
				SDKROOT = iphoneos;
				SWIFT_COMPILATION_MODE = wholemodule;
				VALIDATE_PRODUCT = YES;
			};
			name = Release;
		};
		FAEAAC132E90217F00FE826D /* Debug */ = {
			isa = XCBuildConfiguration;
			buildSettings = {
				BUNDLE_LOADER = "$(TEST_HOST)";
				CODE_SIGN_STYLE = Automatic;
				CURRENT_PROJECT_VERSION = 1;
				DEVELOPMENT_TEAM = 7H7N843F47;
				GENERATE_INFOPLIST_FILE = YES;
				IPHONEOS_DEPLOYMENT_TARGET = 18.4;
				MARKETING_VERSION = 1.0;
				PRODUCT_BUNDLE_IDENTIFIER = yu.inTownTests;
				PRODUCT_NAME = "$(TARGET_NAME)";
				SWIFT_EMIT_LOC_STRINGS = NO;
				SWIFT_VERSION = 5.0;
				TARGETED_DEVICE_FAMILY = "1,2";
				TEST_HOST = "$(BUILT_PRODUCTS_DIR)/inTown.app/$(BUNDLE_EXECUTABLE_FOLDER_PATH)/inTown";
			};
			name = Debug;
		};
		FAEAAC142E90217F00FE826D /* Release */ = {
			isa = XCBuildConfiguration;
			buildSettings = {
				BUNDLE_LOADER = "$(TEST_HOST)";
				CODE_SIGN_STYLE = Automatic;
				CURRENT_PROJECT_VERSION = 1;
				DEVELOPMENT_TEAM = 7H7N843F47;
				GENERATE_INFOPLIST_FILE = YES;
				IPHONEOS_DEPLOYMENT_TARGET = 18.4;
				MARKETING_VERSION = 1.0;
				PRODUCT_BUNDLE_IDENTIFIER = yu.inTownTests;
				PRODUCT_NAME = "$(TARGET_NAME)";
				SWIFT_EMIT_LOC_STRINGS = NO;
				SWIFT_VERSION = 5.0;
				TARGETED_DEVICE_FAMILY = "1,2";
				TEST_HOST = "$(BUILT_PRODUCTS_DIR)/inTown.app/$(BUNDLE_EXECUTABLE_FOLDER_PATH)/inTown";
			};
			name = Release;
		};
		FAEAAC162E90217F00FE826D /* Debug */ = {
			isa = XCBuildConfiguration;
			buildSettings = {
				CODE_SIGN_STYLE = Automatic;
				CURRENT_PROJECT_VERSION = 1;
				DEVELOPMENT_TEAM = 7H7N843F47;
				GENERATE_INFOPLIST_FILE = YES;
				MARKETING_VERSION = 1.0;
				PRODUCT_BUNDLE_IDENTIFIER = yu.inTownUITests;
				PRODUCT_NAME = "$(TARGET_NAME)";
				SWIFT_EMIT_LOC_STRINGS = NO;
				SWIFT_VERSION = 5.0;
				TARGETED_DEVICE_FAMILY = "1,2";
				TEST_TARGET_NAME = inTown;
			};
			name = Debug;
		};
		FAEAAC172E90217F00FE826D /* Release */ = {
			isa = XCBuildConfiguration;
			buildSettings = {
				CODE_SIGN_STYLE = Automatic;
				CURRENT_PROJECT_VERSION = 1;
				DEVELOPMENT_TEAM = 7H7N843F47;
				GENERATE_INFOPLIST_FILE = YES;
				MARKETING_VERSION = 1.0;
				PRODUCT_BUNDLE_IDENTIFIER = yu.inTownUITests;
				PRODUCT_NAME = "$(TARGET_NAME)";
				SWIFT_EMIT_LOC_STRINGS = NO;
				SWIFT_VERSION = 5.0;
				TARGETED_DEVICE_FAMILY = "1,2";
				TEST_TARGET_NAME = inTown;
			};
			name = Release;
		};
/* End XCBuildConfiguration section */

/* Begin XCConfigurationList section */
		FAEAABDC2E90217F00FE826D /* Build configuration list for PBXProject "inTown" */ = {
			isa = XCConfigurationList;
			buildConfigurations = (
				FAEAAC102E90217F00FE826D /* Debug */,
				FAEAAC112E90217F00FE826D /* Release */,
			);
			defaultConfigurationIsVisible = 0;
			defaultConfigurationName = Release;
		};
		FAEAAC0D2E90217F00FE826D /* Build configuration list for PBXNativeTarget "inTown" */ = {
			isa = XCConfigurationList;
			buildConfigurations = (
				FAEAAC0E2E90217F00FE826D /* Debug */,
				FAEAAC0F2E90217F00FE826D /* Release */,
			);
			defaultConfigurationIsVisible = 0;
			defaultConfigurationName = Release;
		};
		FAEAAC122E90217F00FE826D /* Build configuration list for PBXNativeTarget "inTownTests" */ = {
			isa = XCConfigurationList;
			buildConfigurations = (
				FAEAAC132E90217F00FE826D /* Debug */,
				FAEAAC142E90217F00FE826D /* Release */,
			);
			defaultConfigurationIsVisible = 0;
			defaultConfigurationName = Release;
		};
		FAEAAC152E90217F00FE826D /* Build configuration list for PBXNativeTarget "inTownUITests" */ = {
			isa = XCConfigurationList;
			buildConfigurations = (
				FAEAAC162E90217F00FE826D /* Debug */,
				FAEAAC172E90217F00FE826D /* Release */,
			);
			defaultConfigurationIsVisible = 0;
			defaultConfigurationName = Release;
		};
/* End XCConfigurationList section */
	};
	rootObject = FAEAABD92E90217E00FE826D /* Project object */;
}
